
Microsoft Visual Studio Solution File, Format Version 12.00
# Visual Studio Version 17
VisualStudioVersion = 17.6.33801.468
MinimumVisualStudioVersion = 10.0.40219.1
Project("{FAE04EC0-301F-11D3-BF4B-00C04F79EFBC}") = "TemplateTPIntegrador", "TemplateTPIntegrador\TemplateTPIntegrador.csproj", "{FBB76CE5-28CB-4176-942F-9773F50FF7A8}"
EndProject
Project("{FAE04EC0-301F-11D3-BF4B-00C04F79EFBC}") = "Negocio", "Negocio\Negocio.csproj", "{C45177FE-6854-49E9-AA70-13FD2CDE1F69}"
EndProject
Project("{FAE04EC0-301F-11D3-BF4B-00C04F79EFBC}") = "Datos", "Datos\Datos.csproj", "{6E0D8FE3-7EAA-45B0-A363-D14D2CB1FCE9}"
EndProject
Project("{FAE04EC0-301F-11D3-BF4B-00C04F79EFBC}") = "Persistencia", "Persistencia\Persistencia.csproj", "{D70D39DA-312D-45DA-A378-FD222EC9672F}"
EndProject
Global
	GlobalSection(SolutionConfigurationPlatforms) = preSolution
		Debug|Any CPU = Debug|Any CPU
		Release|Any CPU = Release|Any CPU
	EndGlobalSection
	GlobalSection(ProjectConfigurationPlatforms) = postSolution
		{FBB76CE5-28CB-4176-942F-9773F50FF7A8}.Debug|Any CPU.ActiveCfg = Debug|Any CPU
		{FBB76CE5-28CB-4176-942F-9773F50FF7A8}.Debug|Any CPU.Build.0 = Debug|Any CPU
		{FBB76CE5-28CB-4176-942F-9773F50FF7A8}.Release|Any CPU.ActiveCfg = Release|Any CPU
		{FBB76CE5-28CB-4176-942F-9773F50FF7A8}.Release|Any CPU.Build.0 = Release|Any CPU
		{C45177FE-6854-49E9-AA70-13FD2CDE1F69}.Debug|Any CPU.ActiveCfg = Debug|Any CPU
		{C45177FE-6854-49E9-AA70-13FD2CDE1F69}.Debug|Any CPU.Build.0 = Debug|Any CPU
		{C45177FE-6854-49E9-AA70-13FD2CDE1F69}.Release|Any CPU.ActiveCfg = Release|Any CPU
		{C45177FE-6854-49E9-AA70-13FD2CDE1F69}.Release|Any CPU.Build.0 = Release|Any CPU
		{6E0D8FE3-7EAA-45B0-A363-D14D2CB1FCE9}.Debug|Any CPU.ActiveCfg = Debug|Any CPU
		{6E0D8FE3-7EAA-45B0-A363-D14D2CB1FCE9}.Debug|Any CPU.Build.0 = Debug|Any CPU
		{6E0D8FE3-7EAA-45B0-A363-D14D2CB1FCE9}.Release|Any CPU.ActiveCfg = Release|Any CPU
		{6E0D8FE3-7EAA-45B0-A363-D14D2CB1FCE9}.Release|Any CPU.Build.0 = Release|Any CPU
		{D70D39DA-312D-45DA-A378-FD222EC9672F}.Debug|Any CPU.ActiveCfg = Debug|Any CPU
		{D70D39DA-312D-45DA-A378-FD222EC9672F}.Debug|Any CPU.Build.0 = Debug|Any CPU
		{D70D39DA-312D-45DA-A378-FD222EC9672F}.Release|Any CPU.ActiveCfg = Release|Any CPU
		{D70D39DA-312D-45DA-A378-FD222EC9672F}.Release|Any CPU.Build.0 = Release|Any CPU
	EndGlobalSection
	GlobalSection(SolutionProperties) = preSolution
		HideSolutionNode = FALSE
	EndGlobalSection
	GlobalSection(ExtensibilityGlobals) = postSolution
		SolutionGuid = {42BB2522-C66A-4DAC-B7A1-637C1F39D21E}
	EndGlobalSection
EndGlobal
